// !$*UTF8*$!
{
	archiveVersion = 1;
	classes = {
	};
	objectVersion = 50;
	objects = {

/* Begin PBXBuildFile section */
		C1475C062398C8C500E6AA02 /* Lugares.swift in Sources */ = {isa = PBXBuildFile; fileRef = C1475C052398C8C500E6AA02 /* Lugares.swift */; };
		C18886982399628C000AD8E7 /* DetailCollectionViewCell.swift in Sources */ = {isa = PBXBuildFile; fileRef = C18886972399628C000AD8E7 /* DetailCollectionViewCell.swift */; };
		C188869A23996C59000AD8E7 /* SuperDetailedViewController.swift in Sources */ = {isa = PBXBuildFile; fileRef = C188869923996C59000AD8E7 /* SuperDetailedViewController.swift */; };
		C188869C23996DD0000AD8E7 /* direccion.swift in Sources */ = {isa = PBXBuildFile; fileRef = C188869B23996DD0000AD8E7 /* direccion.swift */; };
		C1D738312398E00E001AF096 /* DetailViewController.swift in Sources */ = {isa = PBXBuildFile; fileRef = C1D738302398E00E001AF096 /* DetailViewController.swift */; };
		C1D738332398F084001AF096 /* AddViajeViewController.swift in Sources */ = {isa = PBXBuildFile; fileRef = C1D738322398F084001AF096 /* AddViajeViewController.swift */; };
		C1E83A38239896A700457ED8 /* AppDelegate.swift in Sources */ = {isa = PBXBuildFile; fileRef = C1E83A37239896A700457ED8 /* AppDelegate.swift */; };
		C1E83A3A239896A700457ED8 /* ViewController.swift in Sources */ = {isa = PBXBuildFile; fileRef = C1E83A39239896A700457ED8 /* ViewController.swift */; };
		C1E83A3D239896A700457ED8 /* Main.storyboard in Resources */ = {isa = PBXBuildFile; fileRef = C1E83A3B239896A700457ED8 /* Main.storyboard */; };
		C1E83A3F239896A900457ED8 /* Assets.xcassets in Resources */ = {isa = PBXBuildFile; fileRef = C1E83A3E239896A900457ED8 /* Assets.xcassets */; };
		C1E83A42239896A900457ED8 /* LaunchScreen.storyboard in Resources */ = {isa = PBXBuildFile; fileRef = C1E83A40239896A900457ED8 /* LaunchScreen.storyboard */; };
		C1E83A4D239896A900457ED8 /* ProyectoFinalTests.swift in Sources */ = {isa = PBXBuildFile; fileRef = C1E83A4C239896A900457ED8 /* ProyectoFinalTests.swift */; };
		C1E83A58239896A900457ED8 /* ProyectoFinalUITests.swift in Sources */ = {isa = PBXBuildFile; fileRef = C1E83A57239896A900457ED8 /* ProyectoFinalUITests.swift */; };
		C1E83A66239896F200457ED8 /* CollectionViewCell.swift in Sources */ = {isa = PBXBuildFile; fileRef = C1E83A65239896F200457ED8 /* CollectionViewCell.swift */; };
/* End PBXBuildFile section */

/* Begin PBXContainerItemProxy section */
		C1E83A49239896A900457ED8 /* PBXContainerItemProxy */ = {
			isa = PBXContainerItemProxy;
			containerPortal = C1E83A2C239896A700457ED8 /* Project object */;
			proxyType = 1;
			remoteGlobalIDString = C1E83A33239896A700457ED8;
			remoteInfo = ProyectoFinal;
		};
		C1E83A54239896A900457ED8 /* PBXContainerItemProxy */ = {
			isa = PBXContainerItemProxy;
			containerPortal = C1E83A2C239896A700457ED8 /* Project object */;
			proxyType = 1;
			remoteGlobalIDString = C1E83A33239896A700457ED8;
			remoteInfo = ProyectoFinal;
		};
/* End PBXContainerItemProxy section */

/* Begin PBXFileReference section */
		C1475C052398C8C500E6AA02 /* Lugares.swift */ = {isa = PBXFileReference; lastKnownFileType = sourcecode.swift; path = Lugares.swift; sourceTree = "<group>"; };
		C18886972399628C000AD8E7 /* DetailCollectionViewCell.swift */ = {isa = PBXFileReference; lastKnownFileType = sourcecode.swift; path = DetailCollectionViewCell.swift; sourceTree = "<group>"; };
		C188869923996C59000AD8E7 /* SuperDetailedViewController.swift */ = {isa = PBXFileReference; lastKnownFileType = sourcecode.swift; path = SuperDetailedViewController.swift; sourceTree = "<group>"; };
		C188869B23996DD0000AD8E7 /* direccion.swift */ = {isa = PBXFileReference; lastKnownFileType = sourcecode.swift; path = direccion.swift; sourceTree = "<group>"; };
		C1D738302398E00E001AF096 /* DetailViewController.swift */ = {isa = PBXFileReference; lastKnownFileType = sourcecode.swift; path = DetailViewController.swift; sourceTree = "<group>"; };
		C1D738322398F084001AF096 /* AddViajeViewController.swift */ = {isa = PBXFileReference; lastKnownFileType = sourcecode.swift; path = AddViajeViewController.swift; sourceTree = "<group>"; };
		C1E83A34239896A700457ED8 /* ProyectoFinal.app */ = {isa = PBXFileReference; explicitFileType = wrapper.application; includeInIndex = 0; path = ProyectoFinal.app; sourceTree = BUILT_PRODUCTS_DIR; };
		C1E83A37239896A700457ED8 /* AppDelegate.swift */ = {isa = PBXFileReference; lastKnownFileType = sourcecode.swift; path = AppDelegate.swift; sourceTree = "<group>"; };
		C1E83A39239896A700457ED8 /* ViewController.swift */ = {isa = PBXFileReference; lastKnownFileType = sourcecode.swift; path = ViewController.swift; sourceTree = "<group>"; };
		C1E83A3C239896A700457ED8 /* Base */ = {isa = PBXFileReference; lastKnownFileType = file.storyboard; name = Base; path = Base.lproj/Main.storyboard; sourceTree = "<group>"; };
		C1E83A3E239896A900457ED8 /* Assets.xcassets */ = {isa = PBXFileReference; lastKnownFileType = folder.assetcatalog; path = Assets.xcassets; sourceTree = "<group>"; };
		C1E83A41239896A900457ED8 /* Base */ = {isa = PBXFileReference; lastKnownFileType = file.storyboard; name = Base; path = Base.lproj/LaunchScreen.storyboard; sourceTree = "<group>"; };
		C1E83A43239896A900457ED8 /* Info.plist */ = {isa = PBXFileReference; lastKnownFileType = text.plist.xml; path = Info.plist; sourceTree = "<group>"; };
		C1E83A48239896A900457ED8 /* ProyectoFinalTests.xctest */ = {isa = PBXFileReference; explicitFileType = wrapper.cfbundle; includeInIndex = 0; path = ProyectoFinalTests.xctest; sourceTree = BUILT_PRODUCTS_DIR; };
		C1E83A4C239896A900457ED8 /* ProyectoFinalTests.swift */ = {isa = PBXFileReference; lastKnownFileType = sourcecode.swift; path = ProyectoFinalTests.swift; sourceTree = "<group>"; };
		C1E83A4E239896A900457ED8 /* Info.plist */ = {isa = PBXFileReference; lastKnownFileType = text.plist.xml; path = Info.plist; sourceTree = "<group>"; };
		C1E83A53239896A900457ED8 /* ProyectoFinalUITests.xctest */ = {isa = PBXFileReference; explicitFileType = wrapper.cfbundle; includeInIndex = 0; path = ProyectoFinalUITests.xctest; sourceTree = BUILT_PRODUCTS_DIR; };
		C1E83A57239896A900457ED8 /* ProyectoFinalUITests.swift */ = {isa = PBXFileReference; lastKnownFileType = sourcecode.swift; path = ProyectoFinalUITests.swift; sourceTree = "<group>"; };
		C1E83A59239896A900457ED8 /* Info.plist */ = {isa = PBXFileReference; lastKnownFileType = text.plist.xml; path = Info.plist; sourceTree = "<group>"; };
		C1E83A65239896F200457ED8 /* CollectionViewCell.swift */ = {isa = PBXFileReference; lastKnownFileType = sourcecode.swift; path = CollectionViewCell.swift; sourceTree = "<group>"; };
/* End PBXFileReference section */

/* Begin PBXFrameworksBuildPhase section */
		C1E83A31239896A700457ED8 /* Frameworks */ = {
			isa = PBXFrameworksBuildPhase;
			buildActionMask = 2147483647;
			files = (
			);
			runOnlyForDeploymentPostprocessing = 0;
		};
		C1E83A45239896A900457ED8 /* Frameworks */ = {
			isa = PBXFrameworksBuildPhase;
			buildActionMask = 2147483647;
			files = (
			);
			runOnlyForDeploymentPostprocessing = 0;
		};
		C1E83A50239896A900457ED8 /* Frameworks */ = {
			isa = PBXFrameworksBuildPhase;
			buildActionMask = 2147483647;
			files = (
			);
			runOnlyForDeploymentPostprocessing = 0;
		};
/* End PBXFrameworksBuildPhase section */

/* Begin PBXGroup section */
		C1E83A2B239896A700457ED8 = {
			isa = PBXGroup;
			children = (
				C1E83A36239896A700457ED8 /* ProyectoFinal */,
				C1E83A4B239896A900457ED8 /* ProyectoFinalTests */,
				C1E83A56239896A900457ED8 /* ProyectoFinalUITests */,
				C1E83A35239896A700457ED8 /* Products */,
			);
			sourceTree = "<group>";
		};
		C1E83A35239896A700457ED8 /* Products */ = {
			isa = PBXGroup;
			children = (
				C1E83A34239896A700457ED8 /* ProyectoFinal.app */,
				C1E83A48239896A900457ED8 /* ProyectoFinalTests.xctest */,
				C1E83A53239896A900457ED8 /* ProyectoFinalUITests.xctest */,
			);
			name = Products;
			sourceTree = "<group>";
		};
		C1E83A36239896A700457ED8 /* ProyectoFinal */ = {
			isa = PBXGroup;
			children = (
				C1E83A37239896A700457ED8 /* AppDelegate.swift */,
				C1E83A39239896A700457ED8 /* ViewController.swift */,
				C1E83A3B239896A700457ED8 /* Main.storyboard */,
				C1D738302398E00E001AF096 /* DetailViewController.swift */,
				C1E83A3E239896A900457ED8 /* Assets.xcassets */,
				C1E83A40239896A900457ED8 /* LaunchScreen.storyboard */,
				C1E83A43239896A900457ED8 /* Info.plist */,
				C1E83A65239896F200457ED8 /* CollectionViewCell.swift */,
				C1475C052398C8C500E6AA02 /* Lugares.swift */,
				C1D738322398F084001AF096 /* AddViajeViewController.swift */,
				C18886972399628C000AD8E7 /* DetailCollectionViewCell.swift */,
				C188869923996C59000AD8E7 /* SuperDetailedViewController.swift */,
				C188869B23996DD0000AD8E7 /* direccion.swift */,
			);
			path = ProyectoFinal;
			sourceTree = "<group>";
		};
		C1E83A4B239896A900457ED8 /* ProyectoFinalTests */ = {
			isa = PBXGroup;
			children = (
				C1E83A4C239896A900457ED8 /* ProyectoFinalTests.swift */,
				C1E83A4E239896A900457ED8 /* Info.plist */,
			);
			path = ProyectoFinalTests;
			sourceTree = "<group>";
		};
		C1E83A56239896A900457ED8 /* ProyectoFinalUITests */ = {
			isa = PBXGroup;
			children = (
				C1E83A57239896A900457ED8 /* ProyectoFinalUITests.swift */,
				C1E83A59239896A900457ED8 /* Info.plist */,
			);
			path = ProyectoFinalUITests;
			sourceTree = "<group>";
		};
/* End PBXGroup section */

/* Begin PBXNativeTarget section */
		C1E83A33239896A700457ED8 /* ProyectoFinal */ = {
			isa = PBXNativeTarget;
			buildConfigurationList = C1E83A5C239896A900457ED8 /* Build configuration list for PBXNativeTarget "ProyectoFinal" */;
			buildPhases = (
				C1E83A30239896A700457ED8 /* Sources */,
				C1E83A31239896A700457ED8 /* Frameworks */,
				C1E83A32239896A700457ED8 /* Resources */,
			);
			buildRules = (
			);
			dependencies = (
			);
			name = ProyectoFinal;
			productName = ProyectoFinal;
			productReference = C1E83A34239896A700457ED8 /* ProyectoFinal.app */;
			productType = "com.apple.product-type.application";
		};
		C1E83A47239896A900457ED8 /* ProyectoFinalTests */ = {
			isa = PBXNativeTarget;
			buildConfigurationList = C1E83A5F239896A900457ED8 /* Build configuration list for PBXNativeTarget "ProyectoFinalTests" */;
			buildPhases = (
				C1E83A44239896A900457ED8 /* Sources */,
				C1E83A45239896A900457ED8 /* Frameworks */,
				C1E83A46239896A900457ED8 /* Resources */,
			);
			buildRules = (
			);
			dependencies = (
				C1E83A4A239896A900457ED8 /* PBXTargetDependency */,
			);
			name = ProyectoFinalTests;
			productName = ProyectoFinalTests;
			productReference = C1E83A48239896A900457ED8 /* ProyectoFinalTests.xctest */;
			productType = "com.apple.product-type.bundle.unit-test";
		};
		C1E83A52239896A900457ED8 /* ProyectoFinalUITests */ = {
			isa = PBXNativeTarget;
			buildConfigurationList = C1E83A62239896A900457ED8 /* Build configuration list for PBXNativeTarget "ProyectoFinalUITests" */;
			buildPhases = (
				C1E83A4F239896A900457ED8 /* Sources */,
				C1E83A50239896A900457ED8 /* Frameworks */,
				C1E83A51239896A900457ED8 /* Resources */,
			);
			buildRules = (
			);
			dependencies = (
				C1E83A55239896A900457ED8 /* PBXTargetDependency */,
			);
			name = ProyectoFinalUITests;
			productName = ProyectoFinalUITests;
			productReference = C1E83A53239896A900457ED8 /* ProyectoFinalUITests.xctest */;
			productType = "com.apple.product-type.bundle.ui-testing";
		};
/* End PBXNativeTarget section */

/* Begin PBXProject section */
		C1E83A2C239896A700457ED8 /* Project object */ = {
			isa = PBXProject;
			attributes = {
				LastSwiftUpdateCheck = 0940;
				LastUpgradeCheck = 0940;
				ORGANIZATIONNAME = GalvanBazanRaul;
				TargetAttributes = {
					C1E83A33239896A700457ED8 = {
						CreatedOnToolsVersion = 9.4.1;
					};
					C1E83A47239896A900457ED8 = {
						CreatedOnToolsVersion = 9.4.1;
						TestTargetID = C1E83A33239896A700457ED8;
					};
					C1E83A52239896A900457ED8 = {
						CreatedOnToolsVersion = 9.4.1;
						TestTargetID = C1E83A33239896A700457ED8;
					};
				};
			};
			buildConfigurationList = C1E83A2F239896A700457ED8 /* Build configuration list for PBXProject "ProyectoFinal" */;
			compatibilityVersion = "Xcode 9.3";
			developmentRegion = en;
			hasScannedForEncodings = 0;
			knownRegions = (
				en,
				Base,
			);
			mainGroup = C1E83A2B239896A700457ED8;
			productRefGroup = C1E83A35239896A700457ED8 /* Products */;
			projectDirPath = "";
			projectRoot = "";
			targets = (
				C1E83A33239896A700457ED8 /* ProyectoFinal */,
				C1E83A47239896A900457ED8 /* ProyectoFinalTests */,
				C1E83A52239896A900457ED8 /* ProyectoFinalUITests */,
			);
		};
/* End PBXProject section */

/* Begin PBXResourcesBuildPhase section */
		C1E83A32239896A700457ED8 /* Resources */ = {
			isa = PBXResourcesBuildPhase;
			buildActionMask = 2147483647;
			files = (
				C1E83A42239896A900457ED8 /* LaunchScreen.storyboard in Resources */,
				C1E83A3F239896A900457ED8 /* Assets.xcassets in Resources */,
				C1E83A3D239896A700457ED8 /* Main.storyboard in Resources */,
			);
			runOnlyForDeploymentPostprocessing = 0;
		};
		C1E83A46239896A900457ED8 /* Resources */ = {
			isa = PBXResourcesBuildPhase;
			buildActionMask = 2147483647;
			files = (
			);
			runOnlyForDeploymentPostprocessing = 0;
		};
		C1E83A51239896A900457ED8 /* Resources */ = {
			isa = PBXResourcesBuildPhase;
			buildActionMask = 2147483647;
			files = (
			);
			runOnlyForDeploymentPostprocessing = 0;
		};
/* End PBXResourcesBuildPhase section */

/* Begin PBXSourcesBuildPhase section */
		C1E83A30239896A700457ED8 /* Sources */ = {
			isa = PBXSourcesBuildPhase;
			buildActionMask = 2147483647;
			files = (
				C18886982399628C000AD8E7 /* DetailCollectionViewCell.swift in Sources */,
				C1D738332398F084001AF096 /* AddViajeViewController.swift in Sources */,
				C188869A23996C59000AD8E7 /* SuperDetailedViewController.swift in Sources */,
				C1E83A3A239896A700457ED8 /* ViewController.swift in Sources */,
				C188869C23996DD0000AD8E7 /* direccion.swift in Sources */,
				C1E83A38239896A700457ED8 /* AppDelegate.swift in Sources */,
				C1D738312398E00E001AF096 /* DetailViewController.swift in Sources */,
				C1E83A66239896F200457ED8 /* CollectionViewCell.swift in Sources */,
				C1475C062398C8C500E6AA02 /* Lugares.swift in Sources */,
			);
			runOnlyForDeploymentPostprocessing = 0;
		};
		C1E83A44239896A900457ED8 /* Sources */ = {
			isa = PBXSourcesBuildPhase;
			buildActionMask = 2147483647;
			files = (
				C1E83A4D239896A900457ED8 /* ProyectoFinalTests.swift in Sources */,
			);
			runOnlyForDeploymentPostprocessing = 0;
		};
		C1E83A4F239896A900457ED8 /* Sources */ = {
			isa = PBXSourcesBuildPhase;
			buildActionMask = 2147483647;
			files = (
				C1E83A58239896A900457ED8 /* ProyectoFinalUITests.swift in Sources */,
			);
			runOnlyForDeploymentPostprocessing = 0;
		};
/* End PBXSourcesBuildPhase section */

/* Begin PBXTargetDependency section */
		C1E83A4A239896A900457ED8 /* PBXTargetDependency */ = {
			isa = PBXTargetDependency;
			target = C1E83A33239896A700457ED8 /* ProyectoFinal */;
			targetProxy = C1E83A49239896A900457ED8 /* PBXContainerItemProxy */;
		};
		C1E83A55239896A900457ED8 /* PBXTargetDependency */ = {
			isa = PBXTargetDependency;
			target = C1E83A33239896A700457ED8 /* ProyectoFinal */;
			targetProxy = C1E83A54239896A900457ED8 /* PBXContainerItemProxy */;
		};
/* End PBXTargetDependency section */

/* Begin PBXVariantGroup section */
		C1E83A3B239896A700457ED8 /* Main.storyboard */ = {
			isa = PBXVariantGroup;
			children = (
				C1E83A3C239896A700457ED8 /* Base */,
			);
			name = Main.storyboard;
			sourceTree = "<group>";
		};
		C1E83A40239896A900457ED8 /* LaunchScreen.storyboard */ = {
			isa = PBXVariantGroup;
			children = (
				C1E83A41239896A900457ED8 /* Base */,
			);
			name = LaunchScreen.storyboard;
			sourceTree = "<group>";
		};
/* End PBXVariantGroup section */

/* Begin XCBuildConfiguration section */
		C1E83A5A239896A900457ED8 /* Debug */ = {
			isa = XCBuildConfiguration;
			buildSettings = {
				ALWAYS_SEARCH_USER_PATHS = NO;
				CLANG_ANALYZER_NONNULL = YES;
				CLANG_ANALYZER_NUMBER_OBJECT_CONVERSION = YES_AGGRESSIVE;
				CLANG_CXX_LANGUAGE_STANDARD = "gnu++14";
				CLANG_CXX_LIBRARY = "libc++";
				CLANG_ENABLE_MODULES = YES;
				CLANG_ENABLE_OBJC_ARC = YES;
				CLANG_ENABLE_OBJC_WEAK = YES;
				CLANG_WARN_BLOCK_CAPTURE_AUTORELEASING = YES;
				CLANG_WARN_BOOL_CONVERSION = YES;
				CLANG_WARN_COMMA = YES;
				CLANG_WARN_CONSTANT_CONVERSION = YES;
				CLANG_WARN_DEPRECATED_OBJC_IMPLEMENTATIONS = YES;
				CLANG_WARN_DIRECT_OBJC_ISA_USAGE = YES_ERROR;
				CLANG_WARN_DOCUMENTATION_COMMENTS = YES;
				CLANG_WARN_EMPTY_BODY = YES;
				CLANG_WARN_ENUM_CONVERSION = YES;
				CLANG_WARN_INFINITE_RECURSION = YES;
				CLANG_WARN_INT_CONVERSION = YES;
				CLANG_WARN_NON_LITERAL_NULL_CONVERSION = YES;
				CLANG_WARN_OBJC_IMPLICIT_RETAIN_SELF = YES;
				CLANG_WARN_OBJC_LITERAL_CONVERSION = YES;
				CLANG_WARN_OBJC_ROOT_CLASS = YES_ERROR;
				CLANG_WARN_RANGE_LOOP_ANALYSIS = YES;
				CLANG_WARN_STRICT_PROTOTYPES = YES;
				CLANG_WARN_SUSPICIOUS_MOVE = YES;
				CLANG_WARN_UNGUARDED_AVAILABILITY = YES_AGGRESSIVE;
				CLANG_WARN_UNREACHABLE_CODE = YES;
				CLANG_WARN__DUPLICATE_METHOD_MATCH = YES;
				CODE_SIGN_IDENTITY = "iPhone Developer";
				COPY_PHASE_STRIP = NO;
				DEBUG_INFORMATION_FORMAT = dwarf;
				ENABLE_STRICT_OBJC_MSGSEND = YES;
				ENABLE_TESTABILITY = YES;
				GCC_C_LANGUAGE_STANDARD = gnu11;
				GCC_DYNAMIC_NO_PIC = NO;
				GCC_NO_COMMON_BLOCKS = YES;
				GCC_OPTIMIZATION_LEVEL = 0;
				GCC_PREPROCESSOR_DEFINITIONS = (
					"DEBUG=1",
					"$(inherited)",
				);
				GCC_WARN_64_TO_32_BIT_CONVERSION = YES;
				GCC_WARN_ABOUT_RETURN_TYPE = YES_ERROR;
				GCC_WARN_UNDECLARED_SELECTOR = YES;
				GCC_WARN_UNINITIALIZED_AUTOS = YES_AGGRESSIVE;
				GCC_WARN_UNUSED_FUNCTION = YES;
				GCC_WARN_UNUSED_VARIABLE = YES;
				IPHONEOS_DEPLOYMENT_TARGET = 11.4;
				MTL_ENABLE_DEBUG_INFO = YES;
				ONLY_ACTIVE_ARCH = YES;
				SDKROOT = iphoneos;
				SWIFT_ACTIVE_COMPILATION_CONDITIONS = DEBUG;
				SWIFT_OPTIMIZATION_LEVEL = "-Onone";
			};
			name = Debug;
		};
		C1E83A5B239896A900457ED8 /* Release */ = {
			isa = XCBuildConfiguration;
			buildSettings = {
				ALWAYS_SEARCH_USER_PATHS = NO;
				CLANG_ANALYZER_NONNULL = YES;
				CLANG_ANALYZER_NUMBER_OBJECT_CONVERSION = YES_AGGRESSIVE;
				CLANG_CXX_LANGUAGE_STANDARD = "gnu++14";
				CLANG_CXX_LIBRARY = "libc++";
				CLANG_ENABLE_MODULES = YES;
				CLANG_ENABLE_OBJC_ARC = YES;
				CLANG_ENABLE_OBJC_WEAK = YES;
				CLANG_WARN_BLOCK_CAPTURE_AUTORELEASING = YES;
				CLANG_WARN_BOOL_CONVERSION = YES;
				CLANG_WARN_COMMA = YES;
				CLANG_WARN_CONSTANT_CONVERSION = YES;
				CLANG_WARN_DEPRECATED_OBJC_IMPLEMENTATIONS = YES;
				CLANG_WARN_DIRECT_OBJC_ISA_USAGE = YES_ERROR;
				CLANG_WARN_DOCUMENTATION_COMMENTS = YES;
				CLANG_WARN_EMPTY_BODY = YES;
				CLANG_WARN_ENUM_CONVERSION = YES;
				CLANG_WARN_INFINITE_RECURSION = YES;
				CLANG_WARN_INT_CONVERSION = YES;
				CLANG_WARN_NON_LITERAL_NULL_CONVERSION = YES;
				CLANG_WARN_OBJC_IMPLICIT_RETAIN_SELF = YES;
				CLANG_WARN_OBJC_LITERAL_CONVERSION = YES;
				CLANG_WARN_OBJC_ROOT_CLASS = YES_ERROR;
				CLANG_WARN_RANGE_LOOP_ANALYSIS = YES;
				CLANG_WARN_STRICT_PROTOTYPES = YES;
				CLANG_WARN_SUSPICIOUS_MOVE = YES;
				CLANG_WARN_UNGUARDED_AVAILABILITY = YES_AGGRESSIVE;
				CLANG_WARN_UNREACHABLE_CODE = YES;
				CLANG_WARN__DUPLICATE_METHOD_MATCH = YES;
				CODE_SIGN_IDENTITY = "iPhone Developer";
				COPY_PHASE_STRIP = NO;
				DEBUG_INFORMATION_FORMAT = "dwarf-with-dsym";
				ENABLE_NS_ASSERTIONS = NO;
				ENABLE_STRICT_OBJC_MSGSEND = YES;
				GCC_C_LANGUAGE_STANDARD = gnu11;
				GCC_NO_COMMON_BLOCKS = YES;
				GCC_WARN_64_TO_32_BIT_CONVERSION = YES;
				GCC_WARN_ABOUT_RETURN_TYPE = YES_ERROR;
				GCC_WARN_UNDECLARED_SELECTOR = YES;
				GCC_WARN_UNINITIALIZED_AUTOS = YES_AGGRESSIVE;
				GCC_WARN_UNUSED_FUNCTION = YES;
				GCC_WARN_UNUSED_VARIABLE = YES;
				IPHONEOS_DEPLOYMENT_TARGET = 11.4;
				MTL_ENABLE_DEBUG_INFO = NO;
				SDKROOT = iphoneos;
				SWIFT_COMPILATION_MODE = wholemodule;
				SWIFT_OPTIMIZATION_LEVEL = "-O";
				VALIDATE_PRODUCT = YES;
			};
			name = Release;
		};
		C1E83A5D239896A900457ED8 /* Debug */ = {
			isa = XCBuildConfiguration;
			buildSettings = {
				ASSETCATALOG_COMPILER_APPICON_NAME = AppIcon;
				CODE_SIGN_STYLE = Automatic;
				INFOPLIST_FILE = ProyectoFinal/Info.plist;
				LD_RUNPATH_SEARCH_PATHS = (
					"$(inherited)",
					"@executable_path/Frameworks",
				);
				PRODUCT_BUNDLE_IDENTIFIER = unamComputoMovil.ProyectoFinal;
				PRODUCT_NAME = "$(TARGET_NAME)";
				SWIFT_VERSION = 4.0;
				TARGETED_DEVICE_FAMILY = "1,2";
			};
			name = Debug;
		};
		C1E83A5E239896A900457ED8 /* Release */ = {
			isa = XCBuildConfiguration;
			buildSettings = {
				ASSETCATALOG_COMPILER_APPICON_NAME = AppIcon;
				CODE_SIGN_STYLE = Automatic;
				INFOPLIST_FILE = ProyectoFinal/Info.plist;
				LD_RUNPATH_SEARCH_PATHS = (
					"$(inherited)",
					"@executable_path/Frameworks",
				);
				PRODUCT_BUNDLE_IDENTIFIER = unamComputoMovil.ProyectoFinal;
				PRODUCT_NAME = "$(TARGET_NAME)";
				SWIFT_VERSION = 4.0;
				TARGETED_DEVICE_FAMILY = "1,2";
			};
			name = Release;
		};
		C1E83A60239896A900457ED8 /* Debug */ = {
			isa = XCBuildConfiguration;
			buildSettings = {
				ALWAYS_EMBED_SWIFT_STANDARD_LIBRARIES = YES;
				BUNDLE_LOADER = "$(TEST_HOST)";
				CODE_SIGN_STYLE = Automatic;
				INFOPLIST_FILE = ProyectoFinalTests/Info.plist;
				LD_RUNPATH_SEARCH_PATHS = (
					"$(inherited)",
					"@executable_path/Frameworks",
					"@loader_path/Frameworks",
				);
				PRODUCT_BUNDLE_IDENTIFIER = unamComputoMovil.ProyectoFinalTests;
				PRODUCT_NAME = "$(TARGET_NAME)";
				SWIFT_VERSION = 4.0;
				TARGETED_DEVICE_FAMILY = "1,2";
				TEST_HOST = "$(BUILT_PRODUCTS_DIR)/ProyectoFinal.app/ProyectoFinal";
			};
			name = Debug;
		};
		C1E83A61239896A900457ED8 /* Release */ = {
			isa = XCBuildConfiguration;
			buildSettings = {
				ALWAYS_EMBED_SWIFT_STANDARD_LIBRARIES = YES;
				BUNDLE_LOADER = "$(TEST_HOST)";
				CODE_SIGN_STYLE = Automatic;
				INFOPLIST_FILE = ProyectoFinalTests/Info.plist;
				LD_RUNPATH_SEARCH_PATHS = (
					"$(inherited)",
					"@executable_path/Frameworks",
					"@loader_path/Frameworks",
				);
				PRODUCT_BUNDLE_IDENTIFIER = unamComputoMovil.ProyectoFinalTests;
				PRODUCT_NAME = "$(TARGET_NAME)";
				SWIFT_VERSION = 4.0;
				TARGETED_DEVICE_FAMILY = "1,2";
				TEST_HOST = "$(BUILT_PRODUCTS_DIR)/ProyectoFinal.app/ProyectoFinal";
			};
			name = Release;
		};
		C1E83A63239896A900457ED8 /* Debug */ = {
			isa = XCBuildConfiguration;
			buildSettings = {
				ALWAYS_EMBED_SWIFT_STANDARD_LIBRARIES = YES;
				CODE_SIGN_STYLE = Automatic;
				INFOPLIST_FILE = ProyectoFinalUITests/Info.plist;
				LD_RUNPATH_SEARCH_PATHS = (
					"$(inherited)",
					"@executable_path/Frameworks",
					"@loader_path/Frameworks",
				);
				PRODUCT_BUNDLE_IDENTIFIER = unamComputoMovil.ProyectoFinalUITests;
				PRODUCT_NAME = "$(TARGET_NAME)";
				SWIFT_VERSION = 4.0;
				TARGETED_DEVICE_FAMILY = "1,2";
				TEST_TARGET_NAME = ProyectoFinal;
			};
			name = Debug;
		};
		C1E83A64239896A900457ED8 /* Release */ = {
			isa = XCBuildConfiguration;
			buildSettings = {
				ALWAYS_EMBED_SWIFT_STANDARD_LIBRARIES = YES;
				CODE_SIGN_STYLE = Automatic;
				INFOPLIST_FILE = ProyectoFinalUITests/Info.plist;
				LD_RUNPATH_SEARCH_PATHS = (
					"$(inherited)",
					"@executable_path/Frameworks",
					"@loader_path/Frameworks",
				);
				PRODUCT_BUNDLE_IDENTIFIER = unamComputoMovil.ProyectoFinalUITests;
				PRODUCT_NAME = "$(TARGET_NAME)";
				SWIFT_VERSION = 4.0;
				TARGETED_DEVICE_FAMILY = "1,2";
				TEST_TARGET_NAME = ProyectoFinal;
			};
			name = Release;
		};
/* End XCBuildConfiguration section */

/* Begin XCConfigurationList section */
		C1E83A2F239896A700457ED8 /* Build configuration list for PBXProject "ProyectoFinal" */ = {
			isa = XCConfigurationList;
			buildConfigurations = (
				C1E83A5A239896A900457ED8 /* Debug */,
				C1E83A5B239896A900457ED8 /* Release */,
			);
			defaultConfigurationIsVisible = 0;
			defaultConfigurationName = Release;
		};
		C1E83A5C239896A900457ED8 /* Build configuration list for PBXNativeTarget "ProyectoFinal" */ = {
			isa = XCConfigurationList;
			buildConfigurations = (
				C1E83A5D239896A900457ED8 /* Debug */,
				C1E83A5E239896A900457ED8 /* Release */,
			);
			defaultConfigurationIsVisible = 0;
			defaultConfigurationName = Release;
		};
		C1E83A5F239896A900457ED8 /* Build configuration list for PBXNativeTarget "ProyectoFinalTests" */ = {
			isa = XCConfigurationList;
			buildConfigurations = (
				C1E83A60239896A900457ED8 /* Debug */,
				C1E83A61239896A900457ED8 /* Release */,
			);
			defaultConfigurationIsVisible = 0;
			defaultConfigurationName = Release;
		};
		C1E83A62239896A900457ED8 /* Build configuration list for PBXNativeTarget "ProyectoFinalUITests" */ = {
			isa = XCConfigurationList;
			buildConfigurations = (
				C1E83A63239896A900457ED8 /* Debug */,
				C1E83A64239896A900457ED8 /* Release */,
			);
			defaultConfigurationIsVisible = 0;
			defaultConfigurationName = Release;
		};
/* End XCConfigurationList section */
	};
	rootObject = C1E83A2C239896A700457ED8 /* Project object */;
}
